// !$*UTF8*$!
{
	archiveVersion = 1;
	classes = {
	};
	objectVersion = 56;
	objects = {

/* Begin PBXBuildFile section */
		AE22E4B72A0EBC2300AD3C6C /* AppDelegate.swift in Sources */ = {isa = PBXBuildFile; fileRef = AE22E4B62A0EBC2300AD3C6C /* AppDelegate.swift */; };
		AE22E4B92A0EBC2300AD3C6C /* SceneDelegate.swift in Sources */ = {isa = PBXBuildFile; fileRef = AE22E4B82A0EBC2300AD3C6C /* SceneDelegate.swift */; };
		AE22E4BB2A0EBC2300AD3C6C /* ViewController.swift in Sources */ = {isa = PBXBuildFile; fileRef = AE22E4BA2A0EBC2300AD3C6C /* ViewController.swift */; };
		AE22E4C02A0EBC2400AD3C6C /* Assets.xcassets in Resources */ = {isa = PBXBuildFile; fileRef = AE22E4BF2A0EBC2400AD3C6C /* Assets.xcassets */; };
		AE22E4C32A0EBC2400AD3C6C /* LaunchScreen.storyboard in Resources */ = {isa = PBXBuildFile; fileRef = AE22E4C12A0EBC2400AD3C6C /* LaunchScreen.storyboard */; };
		AE22E4CC2A0EC6DC00AD3C6C /* CustomCell.swift in Sources */ = {isa = PBXBuildFile; fileRef = AE22E4CB2A0EC6DC00AD3C6C /* CustomCell.swift */; };
/* End PBXBuildFile section */

/* Begin PBXFileReference section */
		AE22E4B32A0EBC2300AD3C6C /* SpecialTableViewProgrammatic.app */ = {isa = PBXFileReference; explicitFileType = wrapper.application; includeInIndex = 0; path = SpecialTableViewProgrammatic.app; sourceTree = BUILT_PRODUCTS_DIR; };
		AE22E4B62A0EBC2300AD3C6C /* AppDelegate.swift */ = {isa = PBXFileReference; lastKnownFileType = sourcecode.swift; path = AppDelegate.swift; sourceTree = "<group>"; };
		AE22E4B82A0EBC2300AD3C6C /* SceneDelegate.swift */ = {isa = PBXFileReference; lastKnownFileType = sourcecode.swift; path = SceneDelegate.swift; sourceTree = "<group>"; };
		AE22E4BA2A0EBC2300AD3C6C /* ViewController.swift */ = {isa = PBXFileReference; lastKnownFileType = sourcecode.swift; path = ViewController.swift; sourceTree = "<group>"; };
		AE22E4BF2A0EBC2400AD3C6C /* Assets.xcassets */ = {isa = PBXFileReference; lastKnownFileType = folder.assetcatalog; path = Assets.xcassets; sourceTree = "<group>"; };
		AE22E4C22A0EBC2400AD3C6C /* Base */ = {isa = PBXFileReference; lastKnownFileType = file.storyboard; name = Base; path = Base.lproj/LaunchScreen.storyboard; sourceTree = "<group>"; };
		AE22E4C42A0EBC2400AD3C6C /* Info.plist */ = {isa = PBXFileReference; lastKnownFileType = text.plist.xml; path = Info.plist; sourceTree = "<group>"; };
		AE22E4CB2A0EC6DC00AD3C6C /* CustomCell.swift */ = {isa = PBXFileReference; lastKnownFileType = sourcecode.swift; path = CustomCell.swift; sourceTree = "<group>"; };
/* End PBXFileReference section */

/* Begin PBXFrameworksBuildPhase section */
		AE22E4B02A0EBC2300AD3C6C /* Frameworks */ = {
			isa = PBXFrameworksBuildPhase;
			buildActionMask = 2147483647;
			files = (
			);
			runOnlyForDeploymentPostprocessing = 0;
		};
/* End PBXFrameworksBuildPhase section */

/* Begin PBXGroup section */
		AE22E4AA2A0EBC2300AD3C6C = {
			isa = PBXGroup;
			children = (
				AE22E4B52A0EBC2300AD3C6C /* SpecialTableViewProgrammatic */,
				AE22E4B42A0EBC2300AD3C6C /* Products */,
			);
			sourceTree = "<group>";
		};
		AE22E4B42A0EBC2300AD3C6C /* Products */ = {
			isa = PBXGroup;
			children = (
				AE22E4B32A0EBC2300AD3C6C /* SpecialTableViewProgrammatic.app */,
			);
			name = Products;
			sourceTree = "<group>";
		};
		AE22E4B52A0EBC2300AD3C6C /* SpecialTableViewProgrammatic */ = {
			isa = PBXGroup;
			children = (
				AE22E4CA2A0EC02600AD3C6C /* Delegate */,
				AE22E4BA2A0EBC2300AD3C6C /* ViewController.swift */,
				AE22E4CB2A0EC6DC00AD3C6C /* CustomCell.swift */,
				AE22E4C42A0EBC2400AD3C6C /* Info.plist */,
			);
			path = SpecialTableViewProgrammatic;
			sourceTree = "<group>";
		};
		AE22E4CA2A0EC02600AD3C6C /* Delegate */ = {
			isa = PBXGroup;
			children = (
				AE22E4BF2A0EBC2400AD3C6C /* Assets.xcassets */,
				AE22E4C12A0EBC2400AD3C6C /* LaunchScreen.storyboard */,
				AE22E4B82A0EBC2300AD3C6C /* SceneDelegate.swift */,
				AE22E4B62A0EBC2300AD3C6C /* AppDelegate.swift */,
			);
			path = Delegate;
			sourceTree = "<group>";
		};
/* End PBXGroup section */

/* Begin PBXNativeTarget section */
		AE22E4B22A0EBC2300AD3C6C /* SpecialTableViewProgrammatic */ = {
			isa = PBXNativeTarget;
			buildConfigurationList = AE22E4C72A0EBC2400AD3C6C /* Build configuration list for PBXNativeTarget "SpecialTableViewProgrammatic" */;
			buildPhases = (
				AE22E4AF2A0EBC2300AD3C6C /* Sources */,
				AE22E4B02A0EBC2300AD3C6C /* Frameworks */,
				AE22E4B12A0EBC2300AD3C6C /* Resources */,
			);
			buildRules = (
			);
			dependencies = (
			);
			name = SpecialTableViewProgrammatic;
			productName = SpecialTableViewProgrammatic;
			productReference = AE22E4B32A0EBC2300AD3C6C /* SpecialTableViewProgrammatic.app */;
			productType = "com.apple.product-type.application";
		};
/* End PBXNativeTarget section */

/* Begin PBXProject section */
		AE22E4AB2A0EBC2300AD3C6C /* Project object */ = {
			isa = PBXProject;
			attributes = {
				BuildIndependentTargetsInParallel = 1;
				LastSwiftUpdateCheck = 1430;
				LastUpgradeCheck = 1430;
				TargetAttributes = {
					AE22E4B22A0EBC2300AD3C6C = {
						CreatedOnToolsVersion = 14.3;
					};
				};
			};
			buildConfigurationList = AE22E4AE2A0EBC2300AD3C6C /* Build configuration list for PBXProject "SpecialTableViewProgrammatic" */;
			compatibilityVersion = "Xcode 14.0";
			developmentRegion = en;
			hasScannedForEncodings = 0;
			knownRegions = (
				en,
				Base,
			);
			mainGroup = AE22E4AA2A0EBC2300AD3C6C;
			productRefGroup = AE22E4B42A0EBC2300AD3C6C /* Products */;
			projectDirPath = "";
			projectRoot = "";
			targets = (
				AE22E4B22A0EBC2300AD3C6C /* SpecialTableViewProgrammatic */,
			);
		};
/* End PBXProject section */

/* Begin PBXResourcesBuildPhase section */
		AE22E4B12A0EBC2300AD3C6C /* Resources */ = {
			isa = PBXResourcesBuildPhase;
			buildActionMask = 2147483647;
			files = (
				AE22E4C32A0EBC2400AD3C6C /* LaunchScreen.storyboard in Resources */,
				AE22E4C02A0EBC2400AD3C6C /* Assets.xcassets in Resources */,
			);
			runOnlyForDeploymentPostprocessing = 0;
		};
/* End PBXResourcesBuildPhase section */

/* Begin PBXSourcesBuildPhase section */
		AE22E4AF2A0EBC2300AD3C6C /* Sources */ = {
			isa = PBXSourcesBuildPhase;
			buildActionMask = 2147483647;
			files = (
				AE22E4BB2A0EBC2300AD3C6C /* ViewController.swift in Sources */,
				AE22E4B72A0EBC2300AD3C6C /* AppDelegate.swift in Sources */,
				AE22E4CC2A0EC6DC00AD3C6C /* CustomCell.swift in Sources */,
				AE22E4B92A0EBC2300AD3C6C /* SceneDelegate.swift in Sources */,
			);
			runOnlyForDeploymentPostprocessing = 0;
		};
/* End PBXSourcesBuildPhase section */

/* Begin PBXVariantGroup section */
		AE22E4C12A0EBC2400AD3C6C /* LaunchScreen.storyboard */ = {
			isa = PBXVariantGroup;
			children = (
				AE22E4C22A0EBC2400AD3C6C /* Base */,
			);
			name = LaunchScreen.storyboard;
			sourceTree = "<group>";
		};
/* End PBXVariantGroup section */

/* Begin XCBuildConfiguration section */
		AE22E4C52A0EBC2400AD3C6C /* Debug */ = {
			isa = XCBuildConfiguration;
			buildSettings = {
				ALWAYS_SEARCH_USER_PATHS = NO;
				CLANG_ANALYZER_NONNULL = YES;
				CLANG_ANALYZER_NUMBER_OBJECT_CONVERSION = YES_AGGRESSIVE;
				CLANG_CXX_LANGUAGE_STANDARD = "gnu++20";
				CLANG_ENABLE_MODULES = YES;
				CLANG_ENABLE_OBJC_ARC = YES;
				CLANG_ENABLE_OBJC_WEAK = YES;
				CLANG_WARN_BLOCK_CAPTURE_AUTORELEASING = YES;
				CLANG_WARN_BOOL_CONVERSION = YES;
				CLANG_WARN_COMMA = YES;
				CLANG_WARN_CONSTANT_CONVERSION = YES;
				CLANG_WARN_DEPRECATED_OBJC_IMPLEMENTATIONS = YES;
				CLANG_WARN_DIRECT_OBJC_ISA_USAGE = YES_ERROR;
				CLANG_WARN_DOCUMENTATION_COMMENTS = YES;
				CLANG_WARN_EMPTY_BODY = YES;
				CLANG_WARN_ENUM_CONVERSION = YES;
				CLANG_WARN_INFINITE_RECURSION = YES;
				CLANG_WARN_INT_CONVERSION = YES;
				CLANG_WARN_NON_LITERAL_NULL_CONVERSION = YES;
				CLANG_WARN_OBJC_IMPLICIT_RETAIN_SELF = YES;
				CLANG_WARN_OBJC_LITERAL_CONVERSION = YES;
				CLANG_WARN_OBJC_ROOT_CLASS = YES_ERROR;
				CLANG_WARN_QUOTED_INCLUDE_IN_FRAMEWORK_HEADER = YES;
				CLANG_WARN_RANGE_LOOP_ANALYSIS = YES;
				CLANG_WARN_STRICT_PROTOTYPES = YES;
				CLANG_WARN_SUSPICIOUS_MOVE = YES;
				CLANG_WARN_UNGUARDED_AVAILABILITY = YES_AGGRESSIVE;
				CLANG_WARN_UNREACHABLE_CODE = YES;
				CLANG_WARN__DUPLICATE_METHOD_MATCH = YES;
				COPY_PHASE_STRIP = NO;
				DEBUG_INFORMATION_FORMAT = dwarf;
				ENABLE_STRICT_OBJC_MSGSEND = YES;
				ENABLE_TESTABILITY = YES;
				GCC_C_LANGUAGE_STANDARD = gnu11;
				GCC_DYNAMIC_NO_PIC = NO;
				GCC_NO_COMMON_BLOCKS = YES;
				GCC_OPTIMIZATION_LEVEL = 0;
				GCC_PREPROCESSOR_DEFINITIONS = (
					"DEBUG=1",
					"$(inherited)",
				);
				GCC_WARN_64_TO_32_BIT_CONVERSION = YES;
				GCC_WARN_ABOUT_RETURN_TYPE = YES_ERROR;
				GCC_WARN_UNDECLARED_SELECTOR = YES;
				GCC_WARN_UNINITIALIZED_AUTOS = YES_AGGRESSIVE;
				GCC_WARN_UNUSED_FUNCTION = YES;
				GCC_WARN_UNUSED_VARIABLE = YES;
				IPHONEOS_DEPLOYMENT_TARGET = 16.4;
				MTL_ENABLE_DEBUG_INFO = INCLUDE_SOURCE;
				MTL_FAST_MATH = YES;
				ONLY_ACTIVE_ARCH = YES;
				SDKROOT = iphoneos;
				SWIFT_ACTIVE_COMPILATION_CONDITIONS = DEBUG;
				SWIFT_OPTIMIZATION_LEVEL = "-Onone";
			};
			name = Debug;
		};
		AE22E4C62A0EBC2400AD3C6C /* Release */ = {
			isa = XCBuildConfiguration;
			buildSettings = {
				ALWAYS_SEARCH_USER_PATHS = NO;
				CLANG_ANALYZER_NONNULL = YES;
				CLANG_ANALYZER_NUMBER_OBJECT_CONVERSION = YES_AGGRESSIVE;
				CLANG_CXX_LANGUAGE_STANDARD = "gnu++20";
				CLANG_ENABLE_MODULES = YES;
				CLANG_ENABLE_OBJC_ARC = YES;
				CLANG_ENABLE_OBJC_WEAK = YES;
				CLANG_WARN_BLOCK_CAPTURE_AUTORELEASING = YES;
				CLANG_WARN_BOOL_CONVERSION = YES;
				CLANG_WARN_COMMA = YES;
				CLANG_WARN_CONSTANT_CONVERSION = YES;
				CLANG_WARN_DEPRECATED_OBJC_IMPLEMENTATIONS = YES;
				CLANG_WARN_DIRECT_OBJC_ISA_USAGE = YES_ERROR;
				CLANG_WARN_DOCUMENTATION_COMMENTS = YES;
				CLANG_WARN_EMPTY_BODY = YES;
				CLANG_WARN_ENUM_CONVERSION = YES;
				CLANG_WARN_INFINITE_RECURSION = YES;
				CLANG_WARN_INT_CONVERSION = YES;
				CLANG_WARN_NON_LITERAL_NULL_CONVERSION = YES;
				CLANG_WARN_OBJC_IMPLICIT_RETAIN_SELF = YES;
				CLANG_WARN_OBJC_LITERAL_CONVERSION = YES;
				CLANG_WARN_OBJC_ROOT_CLASS = YES_ERROR;
				CLANG_WARN_QUOTED_INCLUDE_IN_FRAMEWORK_HEADER = YES;
				CLANG_WARN_RANGE_LOOP_ANALYSIS = YES;
				CLANG_WARN_STRICT_PROTOTYPES = YES;
				CLANG_WARN_SUSPICIOUS_MOVE = YES;
				CLANG_WARN_UNGUARDED_AVAILABILITY = YES_AGGRESSIVE;
				CLANG_WARN_UNREACHABLE_CODE = YES;
				CLANG_WARN__DUPLICATE_METHOD_MATCH = YES;
				COPY_PHASE_STRIP = NO;
				DEBUG_INFORMATION_FORMAT = "dwarf-with-dsym";
				ENABLE_NS_ASSERTIONS = NO;
				ENABLE_STRICT_OBJC_MSGSEND = YES;
				GCC_C_LANGUAGE_STANDARD = gnu11;
				GCC_NO_COMMON_BLOCKS = YES;
				GCC_WARN_64_TO_32_BIT_CONVERSION = YES;
				GCC_WARN_ABOUT_RETURN_TYPE = YES_ERROR;
				GCC_WARN_UNDECLARED_SELECTOR = YES;
				GCC_WARN_UNINITIALIZED_AUTOS = YES_AGGRESSIVE;
				GCC_WARN_UNUSED_FUNCTION = YES;
				GCC_WARN_UNUSED_VARIABLE = YES;
				IPHONEOS_DEPLOYMENT_TARGET = 16.4;
				MTL_ENABLE_DEBUG_INFO = NO;
				MTL_FAST_MATH = YES;
				SDKROOT = iphoneos;
				SWIFT_COMPILATION_MODE = wholemodule;
				SWIFT_OPTIMIZATION_LEVEL = "-O";
				VALIDATE_PRODUCT = YES;
			};
			name = Release;
		};
		AE22E4C82A0EBC2400AD3C6C /* Debug */ = {
			isa = XCBuildConfiguration;
			buildSettings = {
				ASSETCATALOG_COMPILER_APPICON_NAME = AppIcon;
				ASSETCATALOG_COMPILER_GLOBAL_ACCENT_COLOR_NAME = AccentColor;
				CODE_SIGN_STYLE = Automatic;
				CURRENT_PROJECT_VERSION = 1;
				DEVELOPMENT_TEAM = J6767NCB7S;
				GENERATE_INFOPLIST_FILE = YES;
				INFOPLIST_FILE = SpecialTableViewProgrammatic/Info.plist;
				INFOPLIST_KEY_UIApplicationSupportsIndirectInputEvents = YES;
				INFOPLIST_KEY_UILaunchStoryboardName = LaunchScreen;
				INFOPLIST_KEY_UISupportedInterfaceOrientations_iPad = "UIInterfaceOrientationPortrait UIInterfaceOrientationPortraitUpsideDown UIInterfaceOrientationLandscapeLeft UIInterfaceOrientationLandscapeRight";
				INFOPLIST_KEY_UISupportedInterfaceOrientations_iPhone = "UIInterfaceOrientationPortrait UIInterfaceOrientationLandscapeLeft UIInterfaceOrientationLandscapeRight";
				LD_RUNPATH_SEARCH_PATHS = (
					"$(inherited)",
					"@executable_path/Frameworks",
				);
				MARKETING_VERSION = 1.0;
				PRODUCT_BUNDLE_IDENTIFIER = com.serdaraltindas.SpecialTableViewProgrammatic;
				PRODUCT_NAME = "$(TARGET_NAME)";
				SWIFT_EMIT_LOC_STRINGS = YES;
				SWIFT_VERSION = 5.0;
				TARGETED_DEVICE_FAMILY = "1,2";
			};
			name = Debug;
		};
		AE22E4C92A0EBC2400AD3C6C /* Release */ = {
			isa = XCBuildConfiguration;
			buildSettings = {
				ASSETCATALOG_COMPILER_APPICON_NAME = AppIcon;
				ASSETCATALOG_COMPILER_GLOBAL_ACCENT_COLOR_NAME = AccentColor;
				CODE_SIGN_STYLE = Automatic;
				CURRENT_PROJECT_VERSION = 1;
				DEVELOPMENT_TEAM = J6767NCB7S;
				GENERATE_INFOPLIST_FILE = YES;
				INFOPLIST_FILE = SpecialTableViewProgrammatic/Info.plist;
				INFOPLIST_KEY_UIApplicationSupportsIndirectInputEvents = YES;
				INFOPLIST_KEY_UILaunchStoryboardName = LaunchScreen;
				INFOPLIST_KEY_UISupportedInterfaceOrientations_iPad = "UIInterfaceOrientationPortrait UIInterfaceOrientationPortraitUpsideDown UIInterfaceOrientationLandscapeLeft UIInterfaceOrientationLandscapeRight";
				INFOPLIST_KEY_UISupportedInterfaceOrientations_iPhone = "UIInterfaceOrientationPortrait UIInterfaceOrientationLandscapeLeft UIInterfaceOrientationLandscapeRight";
				LD_RUNPATH_SEARCH_PATHS = (
					"$(inherited)",
					"@executable_path/Frameworks",
				);
				MARKETING_VERSION = 1.0;
				PRODUCT_BUNDLE_IDENTIFIER = com.serdaraltindas.SpecialTableViewProgrammatic;
				PRODUCT_NAME = "$(TARGET_NAME)";
				SWIFT_EMIT_LOC_STRINGS = YES;
				SWIFT_VERSION = 5.0;
				TARGETED_DEVICE_FAMILY = "1,2";
			};
			name = Release;
		};
/* End XCBuildConfiguration section */

/* Begin XCConfigurationList section */
		AE22E4AE2A0EBC2300AD3C6C /* Build configuration list for PBXProject "SpecialTableViewProgrammatic" */ = {
			isa = XCConfigurationList;
			buildConfigurations = (
				AE22E4C52A0EBC2400AD3C6C /* Debug */,
				AE22E4C62A0EBC2400AD3C6C /* Release */,
			);
			defaultConfigurationIsVisible = 0;
			defaultConfigurationName = Release;
		};
		AE22E4C72A0EBC2400AD3C6C /* Build configuration list for PBXNativeTarget "SpecialTableViewProgrammatic" */ = {
			isa = XCConfigurationList;
			buildConfigurations = (
				AE22E4C82A0EBC2400AD3C6C /* Debug */,
				AE22E4C92A0EBC2400AD3C6C /* Release */,
			);
			defaultConfigurationIsVisible = 0;
			defaultConfigurationName = Release;
		};
/* End XCConfigurationList section */
	};
	rootObject = AE22E4AB2A0EBC2300AD3C6C /* Project object */;
}
